
Microsoft Visual Studio Solution File, Format Version 12.00
# Visual Studio Version 17
VisualStudioVersion = 17.3.32922.545
MinimumVisualStudioVersion = 10.0.40219.1
Project("{FAE04EC0-301F-11D3-BF4B-00C04F79EFBC}") = "EletricGo", "EletricGo.csproj", "{5911BCBC-6958-4B2D-8A50-C51406544CAD}"
EndProject
Global
	GlobalSection(SolutionConfigurationPlatforms) = preSolution
		Debug|Any CPU = Debug|Any CPU
		Release|Any CPU = Release|Any CPU
	EndGlobalSection
	GlobalSection(ProjectConfigurationPlatforms) = postSolution
		{5911BCBC-6958-4B2D-8A50-C51406544CAD}.Debug|Any CPU.ActiveCfg = Debug|Any CPU
		{5911BCBC-6958-4B2D-8A50-C51406544CAD}.Debug|Any CPU.Build.0 = Debug|Any CPU
		{5911BCBC-6958-4B2D-8A50-C51406544CAD}.Release|Any CPU.ActiveCfg = Release|Any CPU
		{5911BCBC-6958-4B2D-8A50-C51406544CAD}.Release|Any CPU.Build.0 = Release|Any CPU
	EndGlobalSection
	GlobalSection(SolutionProperties) = preSolution
		HideSolutionNode = FALSE
	EndGlobalSection
	GlobalSection(ExtensibilityGlobals) = postSolution
		SolutionGuid = {17E49647-639B-494F-905E-2559800EA4B3}
	EndGlobalSection
EndGlobal
